
Microsoft Visual Studio Solution File, Format Version 12.00
# Visual Studio Version 17
VisualStudioVersion = 17.7.34031.279
MinimumVisualStudioVersion = 10.0.40219.1
Project("{FAE04EC0-301F-11D3-BF4B-00C04F79EFBC}") = "Ciselne_Soustavy1", "Ciselne_Soustavy1\Ciselne_Soustavy1.csproj", "{899256D5-1A33-40DF-ADF8-5FE2E7B9489B}"
EndProject
Global
	GlobalSection(SolutionConfigurationPlatforms) = preSolution
		Debug|Any CPU = Debug|Any CPU
		Release|Any CPU = Release|Any CPU
	EndGlobalSection
	GlobalSection(ProjectConfigurationPlatforms) = postSolution
		{899256D5-1A33-40DF-ADF8-5FE2E7B9489B}.Debug|Any CPU.ActiveCfg = Debug|Any CPU
		{899256D5-1A33-40DF-ADF8-5FE2E7B9489B}.Debug|Any CPU.Build.0 = Debug|Any CPU
		{899256D5-1A33-40DF-ADF8-5FE2E7B9489B}.Release|Any CPU.ActiveCfg = Release|Any CPU
		{899256D5-1A33-40DF-ADF8-5FE2E7B9489B}.Release|Any CPU.Build.0 = Release|Any CPU
	EndGlobalSection
	GlobalSection(SolutionProperties) = preSolution
		HideSolutionNode = FALSE
	EndGlobalSection
	GlobalSection(ExtensibilityGlobals) = postSolution
		SolutionGuid = {614017B1-D424-4824-BFD0-832DC8A302BC}
	EndGlobalSection
EndGlobal
